// !$*UTF8*$!
{
 archiveVersion = 1;
 classes = {};
 objectVersion = 60;
 objects = {
  A00000000000000000000001 = { isa = PBXFileReference; lastKnownFileType = sourcecode.swift; path = HeiheiHover.swift; sourceTree = "<group>"; };
  A00000000000000000000002 = { isa = PBXBuildFile; fileRef = A00000000000000000000001; };
  A00000000000000000000003 = { isa = PBXFileReference; explicitFileType = wrapper.application; path = HeiheiHover.app; sourceTree = BUILT_PRODUCTS_DIR; };
  A00000000000000000000004 = { isa = PBXGroup; children = (A00000000000000000000001,A00000000000000000000005,); sourceTree = "<group>"; };
  A00000000000000000000005 = { isa = PBXGroup; children = (A00000000000000000000003,); name = Products; sourceTree = "<group>"; };
  A00000000000000000000006 = { isa = PBXSourcesBuildPhase; buildActionMask = 2147483647; files = (A00000000000000000000002,); runOnlyForDeploymentPostprocessing = 0; };
  A00000000000000000000007 = { isa = PBXFrameworksBuildPhase; buildActionMask = 2147483647; files = (); runOnlyForDeploymentPostprocessing = 0; };
  A00000000000000000000008 = { isa = PBXResourcesBuildPhase; buildActionMask = 2147483647; files = (); runOnlyForDeploymentPostprocessing = 0; };
  A00000000000000000000009 = { isa = XCBuildConfiguration; name = Debug; buildSettings = { CLANG_ENABLE_MODULES = YES; SDKROOT = iphoneos; IPHONEOS_DEPLOYMENT_TARGET = 16.4; SWIFT_VERSION = 5.0; ONLY_ACTIVE_ARCH = YES; SWIFT_OPTIMIZATION_LEVEL = "-Onone"; }; };
  A0000000000000000000000A = { isa = XCBuildConfiguration; name = Release; buildSettings = { CLANG_ENABLE_MODULES = YES; SDKROOT = iphoneos; IPHONEOS_DEPLOYMENT_TARGET = 16.4; SWIFT_VERSION = 5.0; ONLY_ACTIVE_ARCH = NO; SWIFT_OPTIMIZATION_LEVEL = "-O"; }; };
  A0000000000000000000000B = { isa = XCBuildConfiguration; name = Debug; buildSettings = { CODE_SIGN_STYLE = Automatic; GENERATE_INFOPLIST_FILE = YES; PRODUCT_BUNDLE_IDENTIFIER = ai.purryc.heiheihover; PRODUCT_NAME = "$(TARGET_NAME)"; TARGETED_DEVICE_FAMILY = 2; SUPPORTED_PLATFORMS = "iphoneos iphonesimulator"; INFOPLIST_KEY_CFBundleDisplayName = "Heihei"; INFOPLIST_KEY_UIApplicationSceneManifest_Generation = NO; INFOPLIST_KEY_UILaunchScreen_Generation = YES; INFOPLIST_KEY_UIRequiresFullScreen = YES; SWIFT_EMIT_LOC_STRINGS = YES; }; };
  A0000000000000000000000C = { isa = XCBuildConfiguration; name = Release; buildSettings = { CODE_SIGN_STYLE = Automatic; GENERATE_INFOPLIST_FILE = YES; PRODUCT_BUNDLE_IDENTIFIER = ai.purryc.heiheihover; PRODUCT_NAME = "$(TARGET_NAME)"; TARGETED_DEVICE_FAMILY = 2; SUPPORTED_PLATFORMS = "iphoneos iphonesimulator"; INFOPLIST_KEY_CFBundleDisplayName = "Heihei"; INFOPLIST_KEY_UIApplicationSceneManifest_Generation = NO; INFOPLIST_KEY_UILaunchScreen_Generation = YES; INFOPLIST_KEY_UIRequiresFullScreen = YES; SWIFT_EMIT_LOC_STRINGS = YES; }; };
  A0000000000000000000000D = { isa = XCConfigurationList; buildConfigurations = (A00000000000000000000009,A0000000000000000000000A,); defaultConfigurationIsVisible = 0; defaultConfigurationName = Release; };
  A0000000000000000000000E = { isa = XCConfigurationList; buildConfigurations = (A0000000000000000000000B,A0000000000000000000000C,); defaultConfigurationIsVisible = 0; defaultConfigurationName = Release; };
  A0000000000000000000000F = { isa = PBXNativeTarget; buildConfigurationList = A0000000000000000000000E; buildPhases = (A00000000000000000000006,A00000000000000000000007,A00000000000000000000008,); buildRules = (); dependencies = (); name = HeiheiHover; productName = HeiheiHover; productReference = A00000000000000000000003; productType = "com.apple.product-type.application"; };
  A00000000000000000000010 = { isa = PBXProject; attributes = { LastUpgradeCheck = 2620; }; buildConfigurationList = A0000000000000000000000D; compatibilityVersion = "Xcode 14.0"; developmentRegion = en; hasScannedForEncodings = 0; knownRegions = (en, Base, "zh-Hans"); mainGroup = A00000000000000000000004; productRefGroup = A00000000000000000000005; projectDirPath = ""; projectRoot = ""; targets = (A0000000000000000000000F,); };
 };
 rootObject = A00000000000000000000010;
}
